
Microsoft Visual Studio Solution File, Format Version 12.00
# Visual Studio Version 17
VisualStudioVersion = 17.0.32014.148
MinimumVisualStudioVersion = 10.0.40219.1
Project("{FAE04EC0-301F-11D3-BF4B-00C04F79EFBC}") = "API_JWT", "API_JWT\API_JWT.csproj", "{44E36B1B-B93C-4BEC-930E-855A369A52E7}"
EndProject
Global
	GlobalSection(SolutionConfigurationPlatforms) = preSolution
		Debug|Any CPU = Debug|Any CPU
		Release|Any CPU = Release|Any CPU
	EndGlobalSection
	GlobalSection(ProjectConfigurationPlatforms) = postSolution
		{44E36B1B-B93C-4BEC-930E-855A369A52E7}.Debug|Any CPU.ActiveCfg = Debug|Any CPU
		{44E36B1B-B93C-4BEC-930E-855A369A52E7}.Debug|Any CPU.Build.0 = Debug|Any CPU
		{44E36B1B-B93C-4BEC-930E-855A369A52E7}.Release|Any CPU.ActiveCfg = Release|Any CPU
		{44E36B1B-B93C-4BEC-930E-855A369A52E7}.Release|Any CPU.Build.0 = Release|Any CPU
	EndGlobalSection
	GlobalSection(SolutionProperties) = preSolution
		HideSolutionNode = FALSE
	EndGlobalSection
	GlobalSection(ExtensibilityGlobals) = postSolution
		SolutionGuid = {A152C34F-3A8C-4B96-A0DA-81A86076294E}
	EndGlobalSection
EndGlobal
